
Microsoft Visual Studio Solution File, Format Version 12.00
# Visual Studio 15
VisualStudioVersion = 15.0.27703.2018
MinimumVisualStudioVersion = 10.0.40219.1
Project("{9A19103F-16F7-4668-BE54-9A1E7A4F7556}") = "Newco.EmployeeDirectory.Web", "Newco.EmployeeDirectory.Web\Newco.EmployeeDirectory.Web.csproj", "{69A778ED-4C89-4F78-9F7D-B9D8183AB1F9}"
EndProject
Project("{FAE04EC0-301F-11D3-BF4B-00C04F79EFBC}") = "Newco.EmployeeDirectory.Core.Implementation", "Newco.EmployeeDirectory.Core.Implementation\Newco.EmployeeDirectory.Core.Implementation.csproj", "{027B220D-CF8C-4087-9ADD-8668FC4E3FED}"
EndProject
Project("{FAE04EC0-301F-11D3-BF4B-00C04F79EFBC}") = "Newco.EmployeeDirectory.Core", "Newco.EmployeeDirectory.Core\Newco.EmployeeDirectory.Core.csproj", "{8D21DB41-DA5A-48EF-A4AE-165D35760F53}"
EndProject
Global
	GlobalSection(SolutionConfigurationPlatforms) = preSolution
		Debug|Any CPU = Debug|Any CPU
		Release|Any CPU = Release|Any CPU
	EndGlobalSection
	GlobalSection(ProjectConfigurationPlatforms) = postSolution
		{69A778ED-4C89-4F78-9F7D-B9D8183AB1F9}.Debug|Any CPU.ActiveCfg = Debug|Any CPU
		{69A778ED-4C89-4F78-9F7D-B9D8183AB1F9}.Debug|Any CPU.Build.0 = Debug|Any CPU
		{69A778ED-4C89-4F78-9F7D-B9D8183AB1F9}.Release|Any CPU.ActiveCfg = Release|Any CPU
		{69A778ED-4C89-4F78-9F7D-B9D8183AB1F9}.Release|Any CPU.Build.0 = Release|Any CPU
		{027B220D-CF8C-4087-9ADD-8668FC4E3FED}.Debug|Any CPU.ActiveCfg = Debug|Any CPU
		{027B220D-CF8C-4087-9ADD-8668FC4E3FED}.Debug|Any CPU.Build.0 = Debug|Any CPU
		{027B220D-CF8C-4087-9ADD-8668FC4E3FED}.Release|Any CPU.ActiveCfg = Release|Any CPU
		{027B220D-CF8C-4087-9ADD-8668FC4E3FED}.Release|Any CPU.Build.0 = Release|Any CPU
		{8D21DB41-DA5A-48EF-A4AE-165D35760F53}.Debug|Any CPU.ActiveCfg = Debug|Any CPU
		{8D21DB41-DA5A-48EF-A4AE-165D35760F53}.Debug|Any CPU.Build.0 = Debug|Any CPU
		{8D21DB41-DA5A-48EF-A4AE-165D35760F53}.Release|Any CPU.ActiveCfg = Release|Any CPU
		{8D21DB41-DA5A-48EF-A4AE-165D35760F53}.Release|Any CPU.Build.0 = Release|Any CPU
	EndGlobalSection
	GlobalSection(SolutionProperties) = preSolution
		HideSolutionNode = FALSE
	EndGlobalSection
	GlobalSection(ExtensibilityGlobals) = postSolution
		SolutionGuid = {A558CA8F-4C91-4E32-800F-8181F96E300E}
	EndGlobalSection
EndGlobal
